
Microsoft Visual Studio Solution File, Format Version 12.00
# Visual Studio Version 17
VisualStudioVersion = 17.3.32922.545
MinimumVisualStudioVersion = 10.0.40219.1
Project("{FAE04EC0-301F-11D3-BF4B-00C04F79EFBC}") = "MathGame", "MathGame\MathGame.csproj", "{54E52377-ED63-415E-8B27-44FA0CB20997}"
EndProject
Global
	GlobalSection(SolutionConfigurationPlatforms) = preSolution
		Debug|Any CPU = Debug|Any CPU
		Release|Any CPU = Release|Any CPU
	EndGlobalSection
	GlobalSection(ProjectConfigurationPlatforms) = postSolution
		{54E52377-ED63-415E-8B27-44FA0CB20997}.Debug|Any CPU.ActiveCfg = Debug|Any CPU
		{54E52377-ED63-415E-8B27-44FA0CB20997}.Debug|Any CPU.Build.0 = Debug|Any CPU
		{54E52377-ED63-415E-8B27-44FA0CB20997}.Release|Any CPU.ActiveCfg = Release|Any CPU
		{54E52377-ED63-415E-8B27-44FA0CB20997}.Release|Any CPU.Build.0 = Release|Any CPU
	EndGlobalSection
	GlobalSection(SolutionProperties) = preSolution
		HideSolutionNode = FALSE
	EndGlobalSection
	GlobalSection(ExtensibilityGlobals) = postSolution
		SolutionGuid = {93CD9F72-D9CC-4E43-8D08-72F555D9E50E}
	EndGlobalSection
EndGlobal
