
Microsoft Visual Studio Solution File, Format Version 12.00
# Visual Studio Version 17
VisualStudioVersion = 17.4.33122.133
MinimumVisualStudioVersion = 10.0.40219.1
Project("{FAE04EC0-301F-11D3-BF4B-00C04F79EFBC}") = "ForeachHomework", "ForeachHomework\ForeachHomework.csproj", "{AE0362A7-9C64-4095-A3C7-E30B7571B41A}"
EndProject
Global
	GlobalSection(SolutionConfigurationPlatforms) = preSolution
		Debug|Any CPU = Debug|Any CPU
		Release|Any CPU = Release|Any CPU
	EndGlobalSection
	GlobalSection(ProjectConfigurationPlatforms) = postSolution
		{AE0362A7-9C64-4095-A3C7-E30B7571B41A}.Debug|Any CPU.ActiveCfg = Debug|Any CPU
		{AE0362A7-9C64-4095-A3C7-E30B7571B41A}.Debug|Any CPU.Build.0 = Debug|Any CPU
		{AE0362A7-9C64-4095-A3C7-E30B7571B41A}.Release|Any CPU.ActiveCfg = Release|Any CPU
		{AE0362A7-9C64-4095-A3C7-E30B7571B41A}.Release|Any CPU.Build.0 = Release|Any CPU
	EndGlobalSection
	GlobalSection(SolutionProperties) = preSolution
		HideSolutionNode = FALSE
	EndGlobalSection
	GlobalSection(ExtensibilityGlobals) = postSolution
		SolutionGuid = {FCC13BB9-D458-4FD9-A146-8852AD8C7C1A}
	EndGlobalSection
EndGlobal
