
Microsoft Visual Studio Solution File, Format Version 12.00
# Visual Studio Version 17
VisualStudioVersion = 17.4.33122.133
MinimumVisualStudioVersion = 10.0.40219.1
Project("{FAE04EC0-301F-11D3-BF4B-00C04F79EFBC}") = "ForLoopHomework", "ForLoopHomework\ForLoopHomework.csproj", "{599FAC4E-2097-4D15-8FB0-302780DA871A}"
EndProject
Global
	GlobalSection(SolutionConfigurationPlatforms) = preSolution
		Debug|Any CPU = Debug|Any CPU
		Release|Any CPU = Release|Any CPU
	EndGlobalSection
	GlobalSection(ProjectConfigurationPlatforms) = postSolution
		{599FAC4E-2097-4D15-8FB0-302780DA871A}.Debug|Any CPU.ActiveCfg = Debug|Any CPU
		{599FAC4E-2097-4D15-8FB0-302780DA871A}.Debug|Any CPU.Build.0 = Debug|Any CPU
		{599FAC4E-2097-4D15-8FB0-302780DA871A}.Release|Any CPU.ActiveCfg = Release|Any CPU
		{599FAC4E-2097-4D15-8FB0-302780DA871A}.Release|Any CPU.Build.0 = Release|Any CPU
	EndGlobalSection
	GlobalSection(SolutionProperties) = preSolution
		HideSolutionNode = FALSE
	EndGlobalSection
	GlobalSection(ExtensibilityGlobals) = postSolution
		SolutionGuid = {097CD942-65E0-4ACA-9200-33E14B1998FA}
	EndGlobalSection
EndGlobal
