
Microsoft Visual Studio Solution File, Format Version 12.00
# Visual Studio Version 17
VisualStudioVersion = 17.3.32922.545
MinimumVisualStudioVersion = 10.0.40219.1
Project("{FAE04EC0-301F-11D3-BF4B-00C04F79EFBC}") = "GuessingGame", "GuessingGame\GuessingGame.csproj", "{42855B25-9D58-4448-95DC-344B6D9EE655}"
EndProject
Global
	GlobalSection(SolutionConfigurationPlatforms) = preSolution
		Debug|Any CPU = Debug|Any CPU
		Release|Any CPU = Release|Any CPU
	EndGlobalSection
	GlobalSection(ProjectConfigurationPlatforms) = postSolution
		{42855B25-9D58-4448-95DC-344B6D9EE655}.Debug|Any CPU.ActiveCfg = Debug|Any CPU
		{42855B25-9D58-4448-95DC-344B6D9EE655}.Debug|Any CPU.Build.0 = Debug|Any CPU
		{42855B25-9D58-4448-95DC-344B6D9EE655}.Release|Any CPU.ActiveCfg = Release|Any CPU
		{42855B25-9D58-4448-95DC-344B6D9EE655}.Release|Any CPU.Build.0 = Release|Any CPU
	EndGlobalSection
	GlobalSection(SolutionProperties) = preSolution
		HideSolutionNode = FALSE
	EndGlobalSection
	GlobalSection(ExtensibilityGlobals) = postSolution
		SolutionGuid = {0E8ED635-B7EF-45F0-9BF6-8D0AE2234B0F}
	EndGlobalSection
EndGlobal
