
Microsoft Visual Studio Solution File, Format Version 12.00
# Visual Studio Version 17
VisualStudioVersion = 17.4.33122.133
MinimumVisualStudioVersion = 10.0.40219.1
Project("{FAE04EC0-301F-11D3-BF4B-00C04F79EFBC}") = "DictionarHomework", "DictionarHomework\DictionarHomework.csproj", "{FD46F690-9D87-4240-AC9E-D16C41457F85}"
EndProject
Global
	GlobalSection(SolutionConfigurationPlatforms) = preSolution
		Debug|Any CPU = Debug|Any CPU
		Release|Any CPU = Release|Any CPU
	EndGlobalSection
	GlobalSection(ProjectConfigurationPlatforms) = postSolution
		{FD46F690-9D87-4240-AC9E-D16C41457F85}.Debug|Any CPU.ActiveCfg = Debug|Any CPU
		{FD46F690-9D87-4240-AC9E-D16C41457F85}.Debug|Any CPU.Build.0 = Debug|Any CPU
		{FD46F690-9D87-4240-AC9E-D16C41457F85}.Release|Any CPU.ActiveCfg = Release|Any CPU
		{FD46F690-9D87-4240-AC9E-D16C41457F85}.Release|Any CPU.Build.0 = Release|Any CPU
	EndGlobalSection
	GlobalSection(SolutionProperties) = preSolution
		HideSolutionNode = FALSE
	EndGlobalSection
	GlobalSection(ExtensibilityGlobals) = postSolution
		SolutionGuid = {3AD18A3C-BF25-4FBE-A678-194A263F64E3}
	EndGlobalSection
EndGlobal
